
Microsoft Visual Studio Solution File, Format Version 12.00
# Visual Studio Version 17
VisualStudioVersion = 17.3.32929.385
MinimumVisualStudioVersion = 10.0.40219.1
Project("{FAE04EC0-301F-11D3-BF4B-00C04F79EFBC}") = "AppDev", "AppDev\AppDev.csproj", "{9F55E278-1E0F-48BB-BA04-ADB65316DACC}"
EndProject
Global
	GlobalSection(SolutionConfigurationPlatforms) = preSolution
		Debug|Any CPU = Debug|Any CPU
		Release|Any CPU = Release|Any CPU
	EndGlobalSection
	GlobalSection(ProjectConfigurationPlatforms) = postSolution
		{9F55E278-1E0F-48BB-BA04-ADB65316DACC}.Debug|Any CPU.ActiveCfg = Debug|Any CPU
		{9F55E278-1E0F-48BB-BA04-ADB65316DACC}.Debug|Any CPU.Build.0 = Debug|Any CPU
		{9F55E278-1E0F-48BB-BA04-ADB65316DACC}.Release|Any CPU.ActiveCfg = Release|Any CPU
		{9F55E278-1E0F-48BB-BA04-ADB65316DACC}.Release|Any CPU.Build.0 = Release|Any CPU
	EndGlobalSection
	GlobalSection(SolutionProperties) = preSolution
		HideSolutionNode = FALSE
	EndGlobalSection
	GlobalSection(ExtensibilityGlobals) = postSolution
		SolutionGuid = {597E5B07-11CC-4D34-BA7F-0A4F46D3960B}
	EndGlobalSection
EndGlobal
